
Microsoft Visual Studio Solution File, Format Version 12.00
# Visual Studio Version 17
VisualStudioVersion = 17.9.34728.123
MinimumVisualStudioVersion = 10.0.40219.1
Project("{FAE04EC0-301F-11D3-BF4B-00C04F79EFBC}") = "Assignment 7.1.2", "Assignment 7.1.2.csproj", "{4D7880B3-33A5-4444-AB9C-D4DF50BDA043}"
EndProject
Global
	GlobalSection(SolutionConfigurationPlatforms) = preSolution
		Debug|Any CPU = Debug|Any CPU
		Release|Any CPU = Release|Any CPU
	EndGlobalSection
	GlobalSection(ProjectConfigurationPlatforms) = postSolution
		{4D7880B3-33A5-4444-AB9C-D4DF50BDA043}.Debug|Any CPU.ActiveCfg = Debug|Any CPU
		{4D7880B3-33A5-4444-AB9C-D4DF50BDA043}.Debug|Any CPU.Build.0 = Debug|Any CPU
		{4D7880B3-33A5-4444-AB9C-D4DF50BDA043}.Release|Any CPU.ActiveCfg = Release|Any CPU
		{4D7880B3-33A5-4444-AB9C-D4DF50BDA043}.Release|Any CPU.Build.0 = Release|Any CPU
	EndGlobalSection
	GlobalSection(SolutionProperties) = preSolution
		HideSolutionNode = FALSE
	EndGlobalSection
	GlobalSection(ExtensibilityGlobals) = postSolution
		SolutionGuid = {1C9F7A34-25D3-4042-A401-403EC94A4C2D}
	EndGlobalSection
EndGlobal
